<?xml version="1.0" encoding="utf-8"?>
<Project ToolsVersion="4.0" xmlns:atg="http://atg.xbox.com" xmlns="http://schemas.microsoft.com/developer/msbuild/2003">
  <ItemGroup>
    <Filter Include="DXUT">
      <UniqueIdentifier>{a43c5c25-0e86-4a20-b64a-883785ff74fd}</UniqueIdentifier>
    </Filter>
    <Filter Include="Shaders">
      <UniqueIdentifier>{2c3d4c8c-5d1a-459a-a05a-a4e4b608a44e}</UniqueIdentifier>
      <Extensions>fx;fxh;hlsl</Extensions>
    </Filter>
    <Filter Include="Manager">
      <UniqueIdentifier>{73406b61-0a2d-4495-80c5-0f7ec27c69d9}</UniqueIdentifier>
    </Filter>
    <Filter Include="Scene">
      <UniqueIdentifier>{848375b9-b5e6-4947-9f64-8c04b11e8b09}</UniqueIdentifier>
    </Filter>
    <Filter Include="Object">
      <UniqueIdentifier>{f3b1bd40-2beb-41ce-bad3-f456f9f50ac7}</UniqueIdentifier>
    </Filter>
    <Filter Include="Manager\Image">
      <UniqueIdentifier>{9837a489-6302-44fe-b185-b333d579a30c}</UniqueIdentifier>
    </Filter>
    <Filter Include="Manager\Scene">
      <UniqueIdentifier>{f50c9244-e789-406e-927a-eaed9b07a4b2}</UniqueIdentifier>
    </Filter>
    <Filter Include="Manager\Camera">
      <UniqueIdentifier>{e1817532-b860-4dfb-bdb7-b927e846b53e}</UniqueIdentifier>
    </Filter>
    <Filter Include="Manager\Input">
      <UniqueIdentifier>{1a8f4f2e-db8b-477e-9019-a531372ceaaa}</UniqueIdentifier>
    </Filter>
    <Filter Include="Manager\Image\Texture">
      <UniqueIdentifier>{eafec698-e86d-4387-8e5f-e155592bebb2}</UniqueIdentifier>
    </Filter>
    <Filter Include="MainGame">
      <UniqueIdentifier>{14fd9d48-7853-44fb-a641-9624f9cfc4a6}</UniqueIdentifier>
    </Filter>
    <Filter Include="Scene\Load">
      <UniqueIdentifier>{f6dc0b36-ff56-47ab-8ff6-270d499ba9bb}</UniqueIdentifier>
    </Filter>
    <Filter Include="Scene\Title">
      <UniqueIdentifier>{f104721f-85a3-41be-ae2c-b4c849d0d92c}</UniqueIdentifier>
    </Filter>
    <Filter Include="Manager\MeshLoader">
      <UniqueIdentifier>{a778c640-bc7f-4f1a-b70a-0b19c24242fe}</UniqueIdentifier>
    </Filter>
    <Filter Include="Resource Files">
      <UniqueIdentifier>{8e114980-c1a3-4ada-ad7c-83caadf5daeb}</UniqueIdentifier>
      <Extensions>rc;ico;cur;bmp;dlg;rc2;rct;bin;rgs;gif;jpg;jpeg;jpe</Extensions>
    </Filter>
    <Filter Include="Scene\MapEditer">
      <UniqueIdentifier>{ddc747a9-73d5-4eff-93d5-b4149256705c}</UniqueIdentifier>
    </Filter>
    <Filter Include="Manager\FxManager">
      <UniqueIdentifier>{1890322f-1300-49a9-9b56-655adce7ddaf}</UniqueIdentifier>
    </Filter>
    <Filter Include="Object\Player">
      <UniqueIdentifier>{4310985a-de1b-4850-a0c9-d6e9b3822c58}</UniqueIdentifier>
    </Filter>
    <Filter Include="Object\Bullet">
      <UniqueIdentifier>{1204e7c3-d789-40b9-abc3-fc4a1895466d}</UniqueIdentifier>
    </Filter>
    <Filter Include="Object\Enemy">
      <UniqueIdentifier>{1e9599b6-9def-452d-8377-4f4a7ce51e32}</UniqueIdentifier>
    </Filter>
    <Filter Include="Object\Enemy\Monster">
      <UniqueIdentifier>{85feaa28-c33a-480a-a6a8-52cb74f19d3a}</UniqueIdentifier>
    </Filter>
    <Filter Include="Object\BoundingSphere">
      <UniqueIdentifier>{1835b079-2631-4216-a5a8-39426c522da4}</UniqueIdentifier>
    </Filter>
    <Filter Include="Object\Effect">
      <UniqueIdentifier>{2921182c-6ab5-496f-82cc-01d2cb023f7d}</UniqueIdentifier>
    </Filter>
    <Filter Include="Object\Node">
      <UniqueIdentifier>{5275a069-3104-4d9d-a937-3a1014994cb7}</UniqueIdentifier>
    </Filter>
    <Filter Include="Manager\Map">
      <UniqueIdentifier>{dacb3551-c38d-44bd-80b7-96b635cec813}</UniqueIdentifier>
    </Filter>
    <Filter Include="Object\Enemy\Boss">
      <UniqueIdentifier>{e651b0b4-b752-46e6-9500-1ffffeb54684}</UniqueIdentifier>
    </Filter>
    <Filter Include="Object\Item">
      <UniqueIdentifier>{d088cedb-fe40-4464-95a0-33634b7dc0ba}</UniqueIdentifier>
    </Filter>
    <Filter Include="Manager\ThreadPool">
      <UniqueIdentifier>{d4fba1d0-ebf5-4ab2-a343-1a48698ae217}</UniqueIdentifier>
    </Filter>
    <Filter Include="Scene\Ingame">
      <UniqueIdentifier>{dc8da673-c934-4383-a2de-4c198425ef56}</UniqueIdentifier>
    </Filter>
    <Filter Include="Scene\End">
      <UniqueIdentifier>{600b28ce-dfd3-42e8-ab8a-062d7937336a}</UniqueIdentifier>
    </Filter>
  </ItemGroup>
  <ItemGroup>
    <None Include="DXUT\Optional\directx.ico">
      <Filter>Resource Files</Filter>
    </None>
    <ClInclude Include="DXUT\Core\DXUT.h">
      <Filter>DXUT</Filter>
    </ClInclude>
    <ClInclude Include="DXUT\Core\DXUTenum.h">
      <Filter>DXUT</Filter>
    </ClInclude>
    <ClInclude Include="DXUT\Core\DXUTmisc.h">
      <Filter>DXUT</Filter>
    </ClInclude>
    <ClCompile Include="DXUT\Core\DXUT.cpp">
      <Filter>DXUT</Filter>
    </ClCompile>
    <ClCompile Include="DXUT\Core\DXUTenum.cpp">
      <Filter>DXUT</Filter>
    </ClCompile>
    <ClCompile Include="DXUT\Core\DXUTmisc.cpp">
      <Filter>DXUT</Filter>
    </ClCompile>
    <ClInclude Include="DXUT\Optional\DXUTcamera.h">
      <Filter>DXUT</Filter>
    </ClInclude>
    <ClInclude Include="DXUT\Optional\DXUTgui.h">
      <Filter>DXUT</Filter>
    </ClInclude>
    <ClInclude Include="DXUT\Optional\DXUTres.h">
      <Filter>DXUT</Filter>
    </ClInclude>
    <ClInclude Include="DXUT\Optional\DXUTsettingsdlg.h">
      <Filter>DXUT</Filter>
    </ClInclude>
    <ClInclude Include="DXUT\Optional\SDKmesh.h">
      <Filter>DXUT</Filter>
    </ClInclude>
    <ClInclude Include="DXUT\Optional\SDKmisc.h">
      <Filter>DXUT</Filter>
    </ClInclude>
    <ClCompile Include="DXUT\Optional\DXUTcamera.cpp">
      <Filter>DXUT</Filter>
    </ClCompile>
    <ClCompile Include="DXUT\Optional\DXUTgui.cpp">
      <Filter>DXUT</Filter>
    </ClCompile>
    <ClCompile Include="DXUT\Optional\DXUTres.cpp">
      <Filter>DXUT</Filter>
    </ClCompile>
    <ClCompile Include="DXUT\Optional\DXUTsettingsdlg.cpp">
      <Filter>DXUT</Filter>
    </ClCompile>
    <ClCompile Include="DXUT\Optional\SDKmesh.cpp">
      <Filter>DXUT</Filter>
    </ClCompile>
    <ClCompile Include="DXUT\Optional\SDKmisc.cpp">
      <Filter>DXUT</Filter>
    </ClCompile>
  </ItemGroup>
  <ItemGroup>
    <ClCompile Include="FrameWork.cpp" />
    <ClCompile Include="cScene.cpp">
      <Filter>Manager\Scene</Filter>
    </ClCompile>
    <ClCompile Include="cTexture.cpp">
      <Filter>Manager\Image\Texture</Filter>
    </ClCompile>
    <ClCompile Include="cMultiTexture.cpp">
      <Filter>Manager\Image\Texture</Filter>
    </ClCompile>
    <ClCompile Include="cSingleTexture.cpp">
      <Filter>Manager\Image\Texture</Filter>
    </ClCompile>
    <ClCompile Include="cImageManager.cpp">
      <Filter>Manager\Image</Filter>
    </ClCompile>
    <ClCompile Include="cCameraManager.cpp">
      <Filter>Manager\Camera</Filter>
    </ClCompile>
    <ClCompile Include="cInputManager.cpp">
      <Filter>Manager\Input</Filter>
    </ClCompile>
    <ClCompile Include="cSceneManager.cpp">
      <Filter>Manager\Scene</Filter>
    </ClCompile>
    <ClCompile Include="DXUT\Optional\SDKsound.cpp">
      <Filter>DXUT</Filter>
    </ClCompile>
    <ClCompile Include="DXUT\Optional\SDKwavefile.cpp">
      <Filter>DXUT</Filter>
    </ClCompile>
    <ClCompile Include="cMainGame.cpp">
      <Filter>MainGame</Filter>
    </ClCompile>
    <ClCompile Include="Utility.cpp" />
    <ClCompile Include="cLoadScene.cpp">
      <Filter>Scene\Load</Filter>
    </ClCompile>
    <ClCompile Include="cTitleScene.cpp">
      <Filter>Scene\Title</Filter>
    </ClCompile>
    <ClCompile Include="OBJLoader.cpp">
      <Filter>Manager\MeshLoader</Filter>
    </ClCompile>
    <ClCompile Include="cOBJManager.cpp">
      <Filter>Manager\MeshLoader</Filter>
    </ClCompile>
    <ClCompile Include="cMapEditerScene.cpp">
      <Filter>Scene\MapEditer</Filter>
    </ClCompile>
    <ClCompile Include="cNode.cpp">
      <Filter>Object\Node</Filter>
    </ClCompile>
    <ClCompile Include="cFxManager.cpp">
      <Filter>Manager\FxManager</Filter>
    </ClCompile>
    <ClCompile Include="cPlayer.cpp">
      <Filter>Object\Player</Filter>
    </ClCompile>
    <ClCompile Include="cBullet.cpp">
      <Filter>Object\Bullet</Filter>
    </ClCompile>
    <ClCompile Include="cBulletAdmin.cpp">
      <Filter>Object\Bullet</Filter>
    </ClCompile>
    <ClCompile Include="cEnemy.cpp">
      <Filter>Object\Enemy</Filter>
    </ClCompile>
    <ClCompile Include="cEnemyAdmin.cpp">
      <Filter>Object\Enemy</Filter>
    </ClCompile>
    <ClCompile Include="cMonster.cpp">
      <Filter>Object\Enemy\Monster</Filter>
    </ClCompile>
    <ClCompile Include="cBoundingSphere.cpp">
      <Filter>Object\BoundingSphere</Filter>
    </ClCompile>
    <ClCompile Include="cEffect.cpp">
      <Filter>Object\Effect</Filter>
    </ClCompile>
    <ClCompile Include="cEffectAdmin.cpp">
      <Filter>Object\Effect</Filter>
    </ClCompile>
    <ClCompile Include="cBoundingSphereAdmin.cpp">
      <Filter>Object\BoundingSphere</Filter>
    </ClCompile>
    <ClCompile Include="cAttackBound.cpp">
      <Filter>Object\Bullet</Filter>
    </ClCompile>
    <ClCompile Include="cMapManager.cpp">
      <Filter>Manager\Map</Filter>
    </ClCompile>
    <ClCompile Include="cBoss.cpp">
      <Filter>Object\Enemy\Boss</Filter>
    </ClCompile>
    <ClCompile Include="cCoin.cpp">
      <Filter>Object\Item</Filter>
    </ClCompile>
    <ClCompile Include="cCoinAdmin.cpp">
      <Filter>Object\Item</Filter>
    </ClCompile>
    <ClCompile Include="cThreadPoolManager.cpp">
      <Filter>Manager\ThreadPool</Filter>
    </ClCompile>
    <ClCompile Include="cIngameScene.cpp">
      <Filter>Scene\Ingame</Filter>
    </ClCompile>
    <ClCompile Include="cEndScene.cpp">
      <Filter>Scene\End</Filter>
    </ClCompile>
  </ItemGroup>
  <ItemGroup>
    <ClInclude Include="stdafx.h" />
    <ClInclude Include="cScene.h">
      <Filter>Manager\Scene</Filter>
    </ClInclude>
    <ClInclude Include="singleton.h">
      <Filter>Manager</Filter>
    </ClInclude>
    <ClInclude Include="cTexture.h">
      <Filter>Manager\Image\Texture</Filter>
    </ClInclude>
    <ClInclude Include="cMultiTexture.h">
      <Filter>Manager\Image\Texture</Filter>
    </ClInclude>
    <ClInclude Include="cImageManager.h">
      <Filter>Manager\Image</Filter>
    </ClInclude>
    <ClInclude Include="cSingleTexture.h">
      <Filter>Manager\Image\Texture</Filter>
    </ClInclude>
    <ClInclude Include="cCameraManager.h">
      <Filter>Manager\Camera</Filter>
    </ClInclude>
    <ClInclude Include="cInputManager.h">
      <Filter>Manager\Input</Filter>
    </ClInclude>
    <ClInclude Include="cSceneManager.h">
      <Filter>Manager\Scene</Filter>
    </ClInclude>
    <ClInclude Include="DXUT\Optional\SDKsound.h">
      <Filter>DXUT</Filter>
    </ClInclude>
    <ClInclude Include="DXUT\Optional\SDKwavefile.h">
      <Filter>DXUT</Filter>
    </ClInclude>
    <ClInclude Include="cMainGame.h">
      <Filter>MainGame</Filter>
    </ClInclude>
    <ClInclude Include="Utility.h" />
    <ClInclude Include="cLoadScene.h">
      <Filter>Scene\Load</Filter>
    </ClInclude>
    <ClInclude Include="cTitleScene.h">
      <Filter>Scene\Title</Filter>
    </ClInclude>
    <ClInclude Include="OBJLoader.h">
      <Filter>Manager\MeshLoader</Filter>
    </ClInclude>
    <ClInclude Include="cOBJManager.h">
      <Filter>Manager\MeshLoader</Filter>
    </ClInclude>
    <ClInclude Include="cMapEditerScene.h">
      <Filter>Scene\MapEditer</Filter>
    </ClInclude>
    <ClInclude Include="cNode.h">
      <Filter>Object\Node</Filter>
    </ClInclude>
    <ClInclude Include="cFxManager.h">
      <Filter>Manager\FxManager</Filter>
    </ClInclude>
    <ClInclude Include="cPlayer.h">
      <Filter>Object\Player</Filter>
    </ClInclude>
    <ClInclude Include="cBullet.h">
      <Filter>Object\Bullet</Filter>
    </ClInclude>
    <ClInclude Include="cBulletAdmin.h">
      <Filter>Object\Bullet</Filter>
    </ClInclude>
    <ClInclude Include="cEnemy.h">
      <Filter>Object\Enemy</Filter>
    </ClInclude>
    <ClInclude Include="cEnemyAdmin.h">
      <Filter>Object\Enemy</Filter>
    </ClInclude>
    <ClInclude Include="cMonster.h">
      <Filter>Object\Enemy\Monster</Filter>
    </ClInclude>
    <ClInclude Include="cBoundingSphere.h">
      <Filter>Object\BoundingSphere</Filter>
    </ClInclude>
    <ClInclude Include="cEffect.h">
      <Filter>Object\Effect</Filter>
    </ClInclude>
    <ClInclude Include="cEffectAdmin.h">
      <Filter>Object\Effect</Filter>
    </ClInclude>
    <ClInclude Include="cBoundingSphereAdmin.h">
      <Filter>Object\BoundingSphere</Filter>
    </ClInclude>
    <ClInclude Include="cAttackBound.h">
      <Filter>Object\Bullet</Filter>
    </ClInclude>
    <ClInclude Include="cMapManager.h">
      <Filter>Manager\Map</Filter>
    </ClInclude>
    <ClInclude Include="cBoss.h">
      <Filter>Object\Enemy\Boss</Filter>
    </ClInclude>
    <ClInclude Include="cCoin.h">
      <Filter>Object\Item</Filter>
    </ClInclude>
    <ClInclude Include="cCoinAdmin.h">
      <Filter>Object\Item</Filter>
    </ClInclude>
    <ClInclude Include="cThreadPoolManager.h">
      <Filter>Manager\ThreadPool</Filter>
    </ClInclude>
    <ClInclude Include="cIngameScene.h">
      <Filter>Scene\Ingame</Filter>
    </ClInclude>
    <ClInclude Include="cEndScene.h">
      <Filter>Scene\End</Filter>
    </ClInclude>
  </ItemGroup>
  <ItemGroup>
    <CLInclude Include="resource.h">
      <Filter>Resource Files</Filter>
    </CLInclude>
    <ResourceCompile Include="FrameWork.rc">
      <Filter>Resource Files</Filter>
    </ResourceCompile>
  </ItemGroup>
  <ItemGroup>
  </ItemGroup>
</Project>